
Microsoft Visual Studio Solution File, Format Version 10.00
# Visual Studio 2008
Project("{8BC9CEB8-8B4A-11D0-8D11-00A0C91BC942}") = "six", "six.vcproj", "{EDBDC0C1-182A-40DC-8284-06CAF2F97E68}"
EndProject
Project("{8BC9CEB8-8B4A-11D0-8D11-00A0C91BC942}") = "app", "app.vcproj", "{DE68B735-EF19-4161-9DB8-5C237773A7B8}"
	ProjectSection(ProjectDependencies) = postProject
		{EDBDC0C1-182A-40DC-8284-06CAF2F97E68} = {EDBDC0C1-182A-40DC-8284-06CAF2F97E68}
	EndProjectSection
EndProject
Global
	GlobalSection(SolutionConfigurationPlatforms) = preSolution
		Debug|Win32 = Debug|Win32
		Release|Win32 = Release|Win32
	EndGlobalSection
	GlobalSection(ProjectConfigurationPlatforms) = postSolution
		{EDBDC0C1-182A-40DC-8284-06CAF2F97E68}.Debug|Win32.ActiveCfg = Debug|Win32
		{EDBDC0C1-182A-40DC-8284-06CAF2F97E68}.Debug|Win32.Build.0 = Debug|Win32
		{EDBDC0C1-182A-40DC-8284-06CAF2F97E68}.Release|Win32.ActiveCfg = Release|Win32
		{EDBDC0C1-182A-40DC-8284-06CAF2F97E68}.Release|Win32.Build.0 = Release|Win32
		{DE68B735-EF19-4161-9DB8-5C237773A7B8}.Debug|Win32.ActiveCfg = Debug|Win32
		{DE68B735-EF19-4161-9DB8-5C237773A7B8}.Debug|Win32.Build.0 = Debug|Win32
		{DE68B735-EF19-4161-9DB8-5C237773A7B8}.Release|Win32.ActiveCfg = Release|Win32
		{DE68B735-EF19-4161-9DB8-5C237773A7B8}.Release|Win32.Build.0 = Release|Win32
	EndGlobalSection
	GlobalSection(SolutionProperties) = preSolution
		HideSolutionNode = FALSE
	EndGlobalSection
EndGlobal
